
Microsoft Visual Studio Solution File, Format Version 12.00
# Visual Studio 14
VisualStudioVersion = 14.0.25420.1
MinimumVisualStudioVersion = 10.0.40219.1
Project("{FAE04EC0-301F-11D3-BF4B-00C04F79EFBC}") = "ProductApp.core", "ProductApp.core\ProductApp.core.csproj", "{257DD352-F326-43BA-9D6E-A325A80FC465}"
EndProject
Project("{FAE04EC0-301F-11D3-BF4B-00C04F79EFBC}") = "ProductApp.Infrastructure", "ProductApp.Infrastructure\ProductApp.Infrastructure.csproj", "{0FF266A1-BAF9-46CF-A2BE-2BC159FED97F}"
EndProject
Global
	GlobalSection(SolutionConfigurationPlatforms) = preSolution
		Debug|Any CPU = Debug|Any CPU
		Release|Any CPU = Release|Any CPU
	EndGlobalSection
	GlobalSection(ProjectConfigurationPlatforms) = postSolution
		{257DD352-F326-43BA-9D6E-A325A80FC465}.Debug|Any CPU.ActiveCfg = Debug|Any CPU
		{257DD352-F326-43BA-9D6E-A325A80FC465}.Debug|Any CPU.Build.0 = Debug|Any CPU
		{257DD352-F326-43BA-9D6E-A325A80FC465}.Release|Any CPU.ActiveCfg = Release|Any CPU
		{257DD352-F326-43BA-9D6E-A325A80FC465}.Release|Any CPU.Build.0 = Release|Any CPU
		{0FF266A1-BAF9-46CF-A2BE-2BC159FED97F}.Debug|Any CPU.ActiveCfg = Debug|Any CPU
		{0FF266A1-BAF9-46CF-A2BE-2BC159FED97F}.Debug|Any CPU.Build.0 = Debug|Any CPU
		{0FF266A1-BAF9-46CF-A2BE-2BC159FED97F}.Release|Any CPU.ActiveCfg = Release|Any CPU
		{0FF266A1-BAF9-46CF-A2BE-2BC159FED97F}.Release|Any CPU.Build.0 = Release|Any CPU
	EndGlobalSection
	GlobalSection(SolutionProperties) = preSolution
		HideSolutionNode = FALSE
	EndGlobalSection
EndGlobal
